// !$*UTF8*$!
{
	archiveVersion = 1;
	classes = {
	};
	objectVersion = 55;
	objects = {

/* Begin PBXBuildFile section */
		D91061AF2755F0B200EA8A03 /* CiderKitApp.swift in Sources */ = {isa = PBXBuildFile; fileRef = D91061AE2755F0B200EA8A03 /* CiderKitApp.swift */; };
		D91061B32755F0B400EA8A03 /* Assets.xcassets in Resources */ = {isa = PBXBuildFile; fileRef = D91061B22755F0B400EA8A03 /* Assets.xcassets */; };
		D91061BF2755F23700EA8A03 /* map.json in Resources */ = {isa = PBXBuildFile; fileRef = D91061BE2755F23700EA8A03 /* map.json */; };
		D91061C42755F24100EA8A03 /* MapRegion.swift in Sources */ = {isa = PBXBuildFile; fileRef = D91061C12755F24100EA8A03 /* MapRegion.swift */; };
		D91061C52755F24100EA8A03 /* MapDescription.swift in Sources */ = {isa = PBXBuildFile; fileRef = D91061C22755F24100EA8A03 /* MapDescription.swift */; };
		D91061C62755F24100EA8A03 /* MapNode.swift in Sources */ = {isa = PBXBuildFile; fileRef = D91061C32755F24100EA8A03 /* MapNode.swift */; };
		D91061CE2755F27600EA8A03 /* Keycode.swift in Sources */ = {isa = PBXBuildFile; fileRef = D91061C72755F27600EA8A03 /* Keycode.swift */; };
		D91061CF2755F27600EA8A03 /* Atlases.swift in Sources */ = {isa = PBXBuildFile; fileRef = D91061C82755F27600EA8A03 /* Atlases.swift */; };
		D91061D02755F27600EA8A03 /* CharacterComponent.swift in Sources */ = {isa = PBXBuildFile; fileRef = D91061C92755F27600EA8A03 /* CharacterComponent.swift */; };
		D91061D12755F27600EA8A03 /* Functions.swift in Sources */ = {isa = PBXBuildFile; fileRef = D91061CA2755F27600EA8A03 /* Functions.swift */; };
		D91061D22755F27600EA8A03 /* GameView.swift in Sources */ = {isa = PBXBuildFile; fileRef = D91061CB2755F27600EA8A03 /* GameView.swift */; };
		D91061D32755F27600EA8A03 /* Atlas.swift in Sources */ = {isa = PBXBuildFile; fileRef = D91061CC2755F27600EA8A03 /* Atlas.swift */; };
		D91061D62755F2D900EA8A03 /* Info.plist in Resources */ = {isa = PBXBuildFile; fileRef = D91061D52755F2D900EA8A03 /* Info.plist */; };
		D936185C27E71ACE009A14E2 /* MapNode.swift in Sources */ = {isa = PBXBuildFile; fileRef = D91061C32755F24100EA8A03 /* MapNode.swift */; };
		D936185D27E71ACE009A14E2 /* Keycode.swift in Sources */ = {isa = PBXBuildFile; fileRef = D91061C72755F27600EA8A03 /* Keycode.swift */; };
		D936185E27E71ACE009A14E2 /* CharacterComponent.swift in Sources */ = {isa = PBXBuildFile; fileRef = D91061C92755F27600EA8A03 /* CharacterComponent.swift */; };
		D936186027E71ACE009A14E2 /* Math.swift in Sources */ = {isa = PBXBuildFile; fileRef = D9730B1427B795A40007513C /* Math.swift */; };
		D936186127E71ACE009A14E2 /* Functions.swift in Sources */ = {isa = PBXBuildFile; fileRef = D91061CA2755F27600EA8A03 /* Functions.swift */; };
		D936186327E71ACE009A14E2 /* GameView.swift in Sources */ = {isa = PBXBuildFile; fileRef = D91061CB2755F27600EA8A03 /* GameView.swift */; };
		D936186427E71ACE009A14E2 /* MapRegion.swift in Sources */ = {isa = PBXBuildFile; fileRef = D91061C12755F24100EA8A03 /* MapRegion.swift */; };
		D936186527E71ACE009A14E2 /* MapDescription.swift in Sources */ = {isa = PBXBuildFile; fileRef = D91061C22755F24100EA8A03 /* MapDescription.swift */; };
		D936186827E71ACE009A14E2 /* Atlases.swift in Sources */ = {isa = PBXBuildFile; fileRef = D91061C82755F27600EA8A03 /* Atlases.swift */; };
		D936186927E71ACE009A14E2 /* Atlas.swift in Sources */ = {isa = PBXBuildFile; fileRef = D91061CC2755F27600EA8A03 /* Atlas.swift */; };
		D936186A27E71ACE009A14E2 /* MapCellComponent.swift in Sources */ = {isa = PBXBuildFile; fileRef = D9A87A8227DD320B0079C831 /* MapCellComponent.swift */; };
		D936186B27E71ACE009A14E2 /* SpritePool.swift in Sources */ = {isa = PBXBuildFile; fileRef = D9FBC5722765EA6A004A30BB /* SpritePool.swift */; };
		D936186E27E71ACE009A14E2 /* map.json in Resources */ = {isa = PBXBuildFile; fileRef = D91061BE2755F23700EA8A03 /* map.json */; };
		D936186F27E71ACE009A14E2 /* HoverShader.fsh in Resources */ = {isa = PBXBuildFile; fileRef = D9A87A8727DD43F10079C831 /* HoverShader.fsh */; };
		D936187027E71ACE009A14E2 /* Assets.xcassets in Resources */ = {isa = PBXBuildFile; fileRef = D91061B22755F0B400EA8A03 /* Assets.xcassets */; };
		D936187B27E71D77009A14E2 /* EditorGameView.swift in Sources */ = {isa = PBXBuildFile; fileRef = D936187A27E71D77009A14E2 /* EditorGameView.swift */; };
		D936187D27E71D8C009A14E2 /* TheUntitledProjectApp.swift in Sources */ = {isa = PBXBuildFile; fileRef = D936187C27E71D8C009A14E2 /* TheUntitledProjectApp.swift */; };
		D96809A627E9283E001D2C04 /* Screen.swift in Sources */ = {isa = PBXBuildFile; fileRef = D9CECB2627E91DB0000E8CC7 /* Screen.swift */; };
		D96BDEC527EBD2DA0097A0BD /* SelectionManager.swift in Sources */ = {isa = PBXBuildFile; fileRef = D96BDEC427EBD2DA0097A0BD /* SelectionManager.swift */; };
		D9730B1527B795A40007513C /* Math.swift in Sources */ = {isa = PBXBuildFile; fileRef = D9730B1427B795A40007513C /* Math.swift */; };
		D985E7E927DDEBBC00AC2465 /* InspectorView.swift in Sources */ = {isa = PBXBuildFile; fileRef = D985E7E827DDEBBC00AC2465 /* InspectorView.swift */; };
		D985E7EB27DE38D300AC2465 /* SelectionModel.swift in Sources */ = {isa = PBXBuildFile; fileRef = D985E7EA27DE38D300AC2465 /* SelectionModel.swift */; };
		D9A87A8327DD320B0079C831 /* MapCellComponent.swift in Sources */ = {isa = PBXBuildFile; fileRef = D9A87A8227DD320B0079C831 /* MapCellComponent.swift */; };
		D9A87A8827DD44600079C831 /* HoverShader.fsh in Resources */ = {isa = PBXBuildFile; fileRef = D9A87A8727DD43F10079C831 /* HoverShader.fsh */; };
		D9CC4210276163700081A464 /* WorldGrid.swift in Sources */ = {isa = PBXBuildFile; fileRef = D9CC420F276163700081A464 /* WorldGrid.swift */; };
		D9CECB2827E91DB0000E8CC7 /* Screen.swift in Sources */ = {isa = PBXBuildFile; fileRef = D9CECB2627E91DB0000E8CC7 /* Screen.swift */; };
		D9FBC5732765EA6A004A30BB /* SpritePool.swift in Sources */ = {isa = PBXBuildFile; fileRef = D9FBC5722765EA6A004A30BB /* SpritePool.swift */; };
/* End PBXBuildFile section */

/* Begin PBXFileReference section */
		D91061AB2755F0B200EA8A03 /* CiderKit-Editor.app */ = {isa = PBXFileReference; explicitFileType = wrapper.application; includeInIndex = 0; path = "CiderKit-Editor.app"; sourceTree = BUILT_PRODUCTS_DIR; };
		D91061AE2755F0B200EA8A03 /* CiderKitApp.swift */ = {isa = PBXFileReference; lastKnownFileType = sourcecode.swift; path = CiderKitApp.swift; sourceTree = "<group>"; };
		D91061B22755F0B400EA8A03 /* Assets.xcassets */ = {isa = PBXFileReference; lastKnownFileType = folder.assetcatalog; path = Assets.xcassets; sourceTree = "<group>"; };
		D91061B72755F0B400EA8A03 /* CiderKit.entitlements */ = {isa = PBXFileReference; lastKnownFileType = text.plist.entitlements; path = CiderKit.entitlements; sourceTree = "<group>"; };
		D91061BE2755F23700EA8A03 /* map.json */ = {isa = PBXFileReference; fileEncoding = 4; lastKnownFileType = text.json; path = map.json; sourceTree = "<group>"; };
		D91061C12755F24100EA8A03 /* MapRegion.swift */ = {isa = PBXFileReference; fileEncoding = 4; lastKnownFileType = sourcecode.swift; path = MapRegion.swift; sourceTree = "<group>"; };
		D91061C22755F24100EA8A03 /* MapDescription.swift */ = {isa = PBXFileReference; fileEncoding = 4; lastKnownFileType = sourcecode.swift; path = MapDescription.swift; sourceTree = "<group>"; };
		D91061C32755F24100EA8A03 /* MapNode.swift */ = {isa = PBXFileReference; fileEncoding = 4; lastKnownFileType = sourcecode.swift; path = MapNode.swift; sourceTree = "<group>"; };
		D91061C72755F27600EA8A03 /* Keycode.swift */ = {isa = PBXFileReference; fileEncoding = 4; lastKnownFileType = sourcecode.swift; path = Keycode.swift; sourceTree = "<group>"; };
		D91061C82755F27600EA8A03 /* Atlases.swift */ = {isa = PBXFileReference; fileEncoding = 4; lastKnownFileType = sourcecode.swift; path = Atlases.swift; sourceTree = "<group>"; };
		D91061C92755F27600EA8A03 /* CharacterComponent.swift */ = {isa = PBXFileReference; fileEncoding = 4; lastKnownFileType = sourcecode.swift; path = CharacterComponent.swift; sourceTree = "<group>"; };
		D91061CA2755F27600EA8A03 /* Functions.swift */ = {isa = PBXFileReference; fileEncoding = 4; lastKnownFileType = sourcecode.swift; path = Functions.swift; sourceTree = "<group>"; };
		D91061CB2755F27600EA8A03 /* GameView.swift */ = {isa = PBXFileReference; fileEncoding = 4; lastKnownFileType = sourcecode.swift; path = GameView.swift; sourceTree = "<group>"; };
		D91061CC2755F27600EA8A03 /* Atlas.swift */ = {isa = PBXFileReference; fileEncoding = 4; lastKnownFileType = sourcecode.swift; path = Atlas.swift; sourceTree = "<group>"; };
		D91061D52755F2D900EA8A03 /* Info.plist */ = {isa = PBXFileReference; fileEncoding = 4; lastKnownFileType = text.plist.xml; path = Info.plist; sourceTree = "<group>"; };
		D936187527E71ACE009A14E2 /* TUP.app */ = {isa = PBXFileReference; explicitFileType = wrapper.application; includeInIndex = 0; path = TUP.app; sourceTree = BUILT_PRODUCTS_DIR; };
		D936187827E71CE5009A14E2 /* Info.plist */ = {isa = PBXFileReference; lastKnownFileType = text.plist.xml; path = Info.plist; sourceTree = "<group>"; };
		D936187927E71CEB009A14E2 /* TUP.entitlements */ = {isa = PBXFileReference; lastKnownFileType = text.plist.entitlements; path = TUP.entitlements; sourceTree = "<group>"; };
		D936187A27E71D77009A14E2 /* EditorGameView.swift */ = {isa = PBXFileReference; lastKnownFileType = sourcecode.swift; path = EditorGameView.swift; sourceTree = "<group>"; };
		D936187C27E71D8C009A14E2 /* TheUntitledProjectApp.swift */ = {isa = PBXFileReference; lastKnownFileType = sourcecode.swift; path = TheUntitledProjectApp.swift; sourceTree = "<group>"; };
		D96BDEC427EBD2DA0097A0BD /* SelectionManager.swift */ = {isa = PBXFileReference; lastKnownFileType = sourcecode.swift; path = SelectionManager.swift; sourceTree = "<group>"; };
		D9730B1427B795A40007513C /* Math.swift */ = {isa = PBXFileReference; lastKnownFileType = sourcecode.swift; path = Math.swift; sourceTree = "<group>"; };
		D985E7E827DDEBBC00AC2465 /* InspectorView.swift */ = {isa = PBXFileReference; lastKnownFileType = sourcecode.swift; path = InspectorView.swift; sourceTree = "<group>"; };
		D985E7EA27DE38D300AC2465 /* SelectionModel.swift */ = {isa = PBXFileReference; lastKnownFileType = sourcecode.swift; path = SelectionModel.swift; sourceTree = "<group>"; };
		D9A87A8227DD320B0079C831 /* MapCellComponent.swift */ = {isa = PBXFileReference; lastKnownFileType = sourcecode.swift; path = MapCellComponent.swift; sourceTree = "<group>"; };
		D9A87A8727DD43F10079C831 /* HoverShader.fsh */ = {isa = PBXFileReference; lastKnownFileType = sourcecode.glsl; path = HoverShader.fsh; sourceTree = "<group>"; };
		D9CC420F276163700081A464 /* WorldGrid.swift */ = {isa = PBXFileReference; lastKnownFileType = sourcecode.swift; path = WorldGrid.swift; sourceTree = "<group>"; };
		D9CECB2627E91DB0000E8CC7 /* Screen.swift */ = {isa = PBXFileReference; lastKnownFileType = sourcecode.swift; path = Screen.swift; sourceTree = "<group>"; };
		D9FBC5722765EA6A004A30BB /* SpritePool.swift */ = {isa = PBXFileReference; lastKnownFileType = sourcecode.swift; path = SpritePool.swift; sourceTree = "<group>"; };
/* End PBXFileReference section */

/* Begin PBXFrameworksBuildPhase section */
		D91061A82755F0B200EA8A03 /* Frameworks */ = {
			isa = PBXFrameworksBuildPhase;
			buildActionMask = 2147483647;
			files = (
			);
			runOnlyForDeploymentPostprocessing = 0;
		};
		D936186C27E71ACE009A14E2 /* Frameworks */ = {
			isa = PBXFrameworksBuildPhase;
			buildActionMask = 2147483647;
			files = (
			);
			runOnlyForDeploymentPostprocessing = 0;
		};
/* End PBXFrameworksBuildPhase section */

/* Begin PBXGroup section */
		D91061A22755F0B200EA8A03 = {
			isa = PBXGroup;
			children = (
				D91061AD2755F0B200EA8A03 /* Common */,
				D936187627E71B10009A14E2 /* CiderKit-Editor */,
				D936187727E71CC3009A14E2 /* TUP */,
				D91061BD2755F1D600EA8A03 /* Resources */,
				D91061AC2755F0B200EA8A03 /* Products */,
			);
			sourceTree = "<group>";
		};
		D91061AC2755F0B200EA8A03 /* Products */ = {
			isa = PBXGroup;
			children = (
				D91061AB2755F0B200EA8A03 /* CiderKit-Editor.app */,
				D936187527E71ACE009A14E2 /* TUP.app */,
			);
			name = Products;
			sourceTree = "<group>";
		};
		D91061AD2755F0B200EA8A03 /* Common */ = {
			isa = PBXGroup;
			children = (
				D91061CC2755F27600EA8A03 /* Atlas.swift */,
				D91061C82755F27600EA8A03 /* Atlases.swift */,
				D91061C92755F27600EA8A03 /* CharacterComponent.swift */,
				D91061CA2755F27600EA8A03 /* Functions.swift */,
				D91061C72755F27600EA8A03 /* Keycode.swift */,
				D9730B1427B795A40007513C /* Math.swift */,
				D9CECB2627E91DB0000E8CC7 /* Screen.swift */,
				D9FBC5722765EA6A004A30BB /* SpritePool.swift */,
				D91061B22755F0B400EA8A03 /* Assets.xcassets */,
				D91061C02755F24100EA8A03 /* Map */,
				D96BDEC627EBD5B80097A0BD /* Views */,
			);
			path = Common;
			sourceTree = "<group>";
		};
		D91061BD2755F1D600EA8A03 /* Resources */ = {
			isa = PBXGroup;
			children = (
				D91061BE2755F23700EA8A03 /* map.json */,
				D9A87A8427DD43770079C831 /* Shaders */,
			);
			path = Resources;
			sourceTree = "<group>";
		};
		D91061C02755F24100EA8A03 /* Map */ = {
			isa = PBXGroup;
			children = (
				D9A87A8227DD320B0079C831 /* MapCellComponent.swift */,
				D91061C22755F24100EA8A03 /* MapDescription.swift */,
				D91061C32755F24100EA8A03 /* MapNode.swift */,
				D91061C12755F24100EA8A03 /* MapRegion.swift */,
			);
			path = Map;
			sourceTree = "<group>";
		};
		D936187627E71B10009A14E2 /* CiderKit-Editor */ = {
			isa = PBXGroup;
			children = (
				D91061B72755F0B400EA8A03 /* CiderKit.entitlements */,
				D91061D52755F2D900EA8A03 /* Info.plist */,
				D91061AE2755F0B200EA8A03 /* CiderKitApp.swift */,
				D985E7EA27DE38D300AC2465 /* SelectionModel.swift */,
				D9CC420F276163700081A464 /* WorldGrid.swift */,
				D985E7E727DDEBAA00AC2465 /* Views */,
				D96BDEC427EBD2DA0097A0BD /* SelectionManager.swift */,
			);
			path = "CiderKit-Editor";
			sourceTree = "<group>";
		};
		D936187727E71CC3009A14E2 /* TUP */ = {
			isa = PBXGroup;
			children = (
				D936187927E71CEB009A14E2 /* TUP.entitlements */,
				D936187827E71CE5009A14E2 /* Info.plist */,
				D936187C27E71D8C009A14E2 /* TheUntitledProjectApp.swift */,
			);
			path = TUP;
			sourceTree = "<group>";
		};
		D96BDEC627EBD5B80097A0BD /* Views */ = {
			isa = PBXGroup;
			children = (
				D91061CB2755F27600EA8A03 /* GameView.swift */,
			);
			path = Views;
			sourceTree = "<group>";
		};
		D985E7E727DDEBAA00AC2465 /* Views */ = {
			isa = PBXGroup;
			children = (
				D985E7E827DDEBBC00AC2465 /* InspectorView.swift */,
				D936187A27E71D77009A14E2 /* EditorGameView.swift */,
			);
			path = Views;
			sourceTree = "<group>";
		};
		D9A87A8427DD43770079C831 /* Shaders */ = {
			isa = PBXGroup;
			children = (
				D9A87A8727DD43F10079C831 /* HoverShader.fsh */,
			);
			path = Shaders;
			sourceTree = "<group>";
		};
/* End PBXGroup section */

/* Begin PBXNativeTarget section */
		D91061AA2755F0B200EA8A03 /* CiderKit-Editor */ = {
			isa = PBXNativeTarget;
			buildConfigurationList = D91061BA2755F0B400EA8A03 /* Build configuration list for PBXNativeTarget "CiderKit-Editor" */;
			buildPhases = (
				D91061A72755F0B200EA8A03 /* Sources */,
				D91061A82755F0B200EA8A03 /* Frameworks */,
				D91061A92755F0B200EA8A03 /* Resources */,
			);
			buildRules = (
			);
			dependencies = (
			);
			name = "CiderKit-Editor";
			productName = CiderKit;
			productReference = D91061AB2755F0B200EA8A03 /* CiderKit-Editor.app */;
			productType = "com.apple.product-type.application";
		};
		D936185A27E71ACE009A14E2 /* TUP */ = {
			isa = PBXNativeTarget;
			buildConfigurationList = D936187227E71ACE009A14E2 /* Build configuration list for PBXNativeTarget "TUP" */;
			buildPhases = (
				D936185B27E71ACE009A14E2 /* Sources */,
				D936186C27E71ACE009A14E2 /* Frameworks */,
				D936186D27E71ACE009A14E2 /* Resources */,
			);
			buildRules = (
			);
			dependencies = (
			);
			name = TUP;
			productName = CiderKit;
			productReference = D936187527E71ACE009A14E2 /* TUP.app */;
			productType = "com.apple.product-type.application";
		};
/* End PBXNativeTarget section */

/* Begin PBXProject section */
		D91061A32755F0B200EA8A03 /* Project object */ = {
			isa = PBXProject;
			attributes = {
				BuildIndependentTargetsInParallel = 1;
				LastSwiftUpdateCheck = 1310;
				LastUpgradeCheck = 1320;
				TargetAttributes = {
					D91061AA2755F0B200EA8A03 = {
						CreatedOnToolsVersion = 13.1;
					};
				};
			};
			buildConfigurationList = D91061A62755F0B200EA8A03 /* Build configuration list for PBXProject "CiderKit" */;
			compatibilityVersion = "Xcode 13.0";
			developmentRegion = en;
			hasScannedForEncodings = 0;
			knownRegions = (
				en,
				Base,
			);
			mainGroup = D91061A22755F0B200EA8A03;
			productRefGroup = D91061AC2755F0B200EA8A03 /* Products */;
			projectDirPath = "";
			projectRoot = "";
			targets = (
				D91061AA2755F0B200EA8A03 /* CiderKit-Editor */,
				D936185A27E71ACE009A14E2 /* TUP */,
			);
		};
/* End PBXProject section */

/* Begin PBXResourcesBuildPhase section */
		D91061A92755F0B200EA8A03 /* Resources */ = {
			isa = PBXResourcesBuildPhase;
			buildActionMask = 2147483647;
			files = (
				D91061BF2755F23700EA8A03 /* map.json in Resources */,
				D9A87A8827DD44600079C831 /* HoverShader.fsh in Resources */,
				D91061B32755F0B400EA8A03 /* Assets.xcassets in Resources */,
				D91061D62755F2D900EA8A03 /* Info.plist in Resources */,
			);
			runOnlyForDeploymentPostprocessing = 0;
		};
		D936186D27E71ACE009A14E2 /* Resources */ = {
			isa = PBXResourcesBuildPhase;
			buildActionMask = 2147483647;
			files = (
				D936186E27E71ACE009A14E2 /* map.json in Resources */,
				D936186F27E71ACE009A14E2 /* HoverShader.fsh in Resources */,
				D936187027E71ACE009A14E2 /* Assets.xcassets in Resources */,
			);
			runOnlyForDeploymentPostprocessing = 0;
		};
/* End PBXResourcesBuildPhase section */

/* Begin PBXSourcesBuildPhase section */
		D91061A72755F0B200EA8A03 /* Sources */ = {
			isa = PBXSourcesBuildPhase;
			buildActionMask = 2147483647;
			files = (
				D91061C62755F24100EA8A03 /* MapNode.swift in Sources */,
				D91061CE2755F27600EA8A03 /* Keycode.swift in Sources */,
				D91061D02755F27600EA8A03 /* CharacterComponent.swift in Sources */,
				D985E7E927DDEBBC00AC2465 /* InspectorView.swift in Sources */,
				D9730B1527B795A40007513C /* Math.swift in Sources */,
				D91061D12755F27600EA8A03 /* Functions.swift in Sources */,
				D985E7EB27DE38D300AC2465 /* SelectionModel.swift in Sources */,
				D91061D22755F27600EA8A03 /* GameView.swift in Sources */,
				D96809A627E9283E001D2C04 /* Screen.swift in Sources */,
				D91061C42755F24100EA8A03 /* MapRegion.swift in Sources */,
				D96BDEC527EBD2DA0097A0BD /* SelectionManager.swift in Sources */,
				D91061C52755F24100EA8A03 /* MapDescription.swift in Sources */,
				D9CC4210276163700081A464 /* WorldGrid.swift in Sources */,
				D91061AF2755F0B200EA8A03 /* CiderKitApp.swift in Sources */,
				D91061CF2755F27600EA8A03 /* Atlases.swift in Sources */,
				D91061D32755F27600EA8A03 /* Atlas.swift in Sources */,
				D9A87A8327DD320B0079C831 /* MapCellComponent.swift in Sources */,
				D936187B27E71D77009A14E2 /* EditorGameView.swift in Sources */,
				D9FBC5732765EA6A004A30BB /* SpritePool.swift in Sources */,
			);
			runOnlyForDeploymentPostprocessing = 0;
		};
		D936185B27E71ACE009A14E2 /* Sources */ = {
			isa = PBXSourcesBuildPhase;
			buildActionMask = 2147483647;
			files = (
				D936185C27E71ACE009A14E2 /* MapNode.swift in Sources */,
				D936185D27E71ACE009A14E2 /* Keycode.swift in Sources */,
				D936185E27E71ACE009A14E2 /* CharacterComponent.swift in Sources */,
				D936186027E71ACE009A14E2 /* Math.swift in Sources */,
				D936186127E71ACE009A14E2 /* Functions.swift in Sources */,
				D936186327E71ACE009A14E2 /* GameView.swift in Sources */,
				D936187D27E71D8C009A14E2 /* TheUntitledProjectApp.swift in Sources */,
				D9CECB2827E91DB0000E8CC7 /* Screen.swift in Sources */,
				D936186427E71ACE009A14E2 /* MapRegion.swift in Sources */,
				D936186527E71ACE009A14E2 /* MapDescription.swift in Sources */,
				D936186827E71ACE009A14E2 /* Atlases.swift in Sources */,
				D936186927E71ACE009A14E2 /* Atlas.swift in Sources */,
				D936186A27E71ACE009A14E2 /* MapCellComponent.swift in Sources */,
				D936186B27E71ACE009A14E2 /* SpritePool.swift in Sources */,
			);
			runOnlyForDeploymentPostprocessing = 0;
		};
/* End PBXSourcesBuildPhase section */

/* Begin XCBuildConfiguration section */
		D91061B82755F0B400EA8A03 /* Debug */ = {
			isa = XCBuildConfiguration;
			buildSettings = {
				ALWAYS_SEARCH_USER_PATHS = NO;
				CLANG_ANALYZER_NONNULL = YES;
				CLANG_ANALYZER_NUMBER_OBJECT_CONVERSION = YES_AGGRESSIVE;
				CLANG_CXX_LANGUAGE_STANDARD = "gnu++17";
				CLANG_CXX_LIBRARY = "libc++";
				CLANG_ENABLE_MODULES = YES;
				CLANG_ENABLE_OBJC_ARC = YES;
				CLANG_ENABLE_OBJC_WEAK = YES;
				CLANG_WARN_BLOCK_CAPTURE_AUTORELEASING = YES;
				CLANG_WARN_BOOL_CONVERSION = YES;
				CLANG_WARN_COMMA = YES;
				CLANG_WARN_CONSTANT_CONVERSION = YES;
				CLANG_WARN_DEPRECATED_OBJC_IMPLEMENTATIONS = YES;
				CLANG_WARN_DIRECT_OBJC_ISA_USAGE = YES_ERROR;
				CLANG_WARN_DOCUMENTATION_COMMENTS = YES;
				CLANG_WARN_EMPTY_BODY = YES;
				CLANG_WARN_ENUM_CONVERSION = YES;
				CLANG_WARN_INFINITE_RECURSION = YES;
				CLANG_WARN_INT_CONVERSION = YES;
				CLANG_WARN_NON_LITERAL_NULL_CONVERSION = YES;
				CLANG_WARN_OBJC_IMPLICIT_RETAIN_SELF = YES;
				CLANG_WARN_OBJC_LITERAL_CONVERSION = YES;
				CLANG_WARN_OBJC_ROOT_CLASS = YES_ERROR;
				CLANG_WARN_QUOTED_INCLUDE_IN_FRAMEWORK_HEADER = YES;
				CLANG_WARN_RANGE_LOOP_ANALYSIS = YES;
				CLANG_WARN_STRICT_PROTOTYPES = YES;
				CLANG_WARN_SUSPICIOUS_MOVE = YES;
				CLANG_WARN_UNGUARDED_AVAILABILITY = YES_AGGRESSIVE;
				CLANG_WARN_UNREACHABLE_CODE = YES;
				CLANG_WARN__DUPLICATE_METHOD_MATCH = YES;
				COPY_PHASE_STRIP = NO;
				DEBUG_INFORMATION_FORMAT = dwarf;
				ENABLE_STRICT_OBJC_MSGSEND = YES;
				ENABLE_TESTABILITY = YES;
				GCC_C_LANGUAGE_STANDARD = gnu11;
				GCC_DYNAMIC_NO_PIC = NO;
				GCC_NO_COMMON_BLOCKS = YES;
				GCC_OPTIMIZATION_LEVEL = 0;
				GCC_PREPROCESSOR_DEFINITIONS = (
					"DEBUG=1",
					"$(inherited)",
				);
				GCC_WARN_64_TO_32_BIT_CONVERSION = YES;
				GCC_WARN_ABOUT_RETURN_TYPE = YES_ERROR;
				GCC_WARN_UNDECLARED_SELECTOR = YES;
				GCC_WARN_UNINITIALIZED_AUTOS = YES_AGGRESSIVE;
				GCC_WARN_UNUSED_FUNCTION = YES;
				GCC_WARN_UNUSED_VARIABLE = YES;
				MACOSX_DEPLOYMENT_TARGET = 11.6;
				MTL_ENABLE_DEBUG_INFO = INCLUDE_SOURCE;
				MTL_FAST_MATH = YES;
				ONLY_ACTIVE_ARCH = YES;
				SDKROOT = macosx;
				SWIFT_ACTIVE_COMPILATION_CONDITIONS = DEBUG;
				SWIFT_OPTIMIZATION_LEVEL = "-Onone";
			};
			name = Debug;
		};
		D91061B92755F0B400EA8A03 /* Release */ = {
			isa = XCBuildConfiguration;
			buildSettings = {
				ALWAYS_SEARCH_USER_PATHS = NO;
				CLANG_ANALYZER_NONNULL = YES;
				CLANG_ANALYZER_NUMBER_OBJECT_CONVERSION = YES_AGGRESSIVE;
				CLANG_CXX_LANGUAGE_STANDARD = "gnu++17";
				CLANG_CXX_LIBRARY = "libc++";
				CLANG_ENABLE_MODULES = YES;
				CLANG_ENABLE_OBJC_ARC = YES;
				CLANG_ENABLE_OBJC_WEAK = YES;
				CLANG_WARN_BLOCK_CAPTURE_AUTORELEASING = YES;
				CLANG_WARN_BOOL_CONVERSION = YES;
				CLANG_WARN_COMMA = YES;
				CLANG_WARN_CONSTANT_CONVERSION = YES;
				CLANG_WARN_DEPRECATED_OBJC_IMPLEMENTATIONS = YES;
				CLANG_WARN_DIRECT_OBJC_ISA_USAGE = YES_ERROR;
				CLANG_WARN_DOCUMENTATION_COMMENTS = YES;
				CLANG_WARN_EMPTY_BODY = YES;
				CLANG_WARN_ENUM_CONVERSION = YES;
				CLANG_WARN_INFINITE_RECURSION = YES;
				CLANG_WARN_INT_CONVERSION = YES;
				CLANG_WARN_NON_LITERAL_NULL_CONVERSION = YES;
				CLANG_WARN_OBJC_IMPLICIT_RETAIN_SELF = YES;
				CLANG_WARN_OBJC_LITERAL_CONVERSION = YES;
				CLANG_WARN_OBJC_ROOT_CLASS = YES_ERROR;
				CLANG_WARN_QUOTED_INCLUDE_IN_FRAMEWORK_HEADER = YES;
				CLANG_WARN_RANGE_LOOP_ANALYSIS = YES;
				CLANG_WARN_STRICT_PROTOTYPES = YES;
				CLANG_WARN_SUSPICIOUS_MOVE = YES;
				CLANG_WARN_UNGUARDED_AVAILABILITY = YES_AGGRESSIVE;
				CLANG_WARN_UNREACHABLE_CODE = YES;
				CLANG_WARN__DUPLICATE_METHOD_MATCH = YES;
				COPY_PHASE_STRIP = NO;
				DEBUG_INFORMATION_FORMAT = "dwarf-with-dsym";
				ENABLE_NS_ASSERTIONS = NO;
				ENABLE_STRICT_OBJC_MSGSEND = YES;
				GCC_C_LANGUAGE_STANDARD = gnu11;
				GCC_NO_COMMON_BLOCKS = YES;
				GCC_WARN_64_TO_32_BIT_CONVERSION = YES;
				GCC_WARN_ABOUT_RETURN_TYPE = YES_ERROR;
				GCC_WARN_UNDECLARED_SELECTOR = YES;
				GCC_WARN_UNINITIALIZED_AUTOS = YES_AGGRESSIVE;
				GCC_WARN_UNUSED_FUNCTION = YES;
				GCC_WARN_UNUSED_VARIABLE = YES;
				MACOSX_DEPLOYMENT_TARGET = 11.6;
				MTL_ENABLE_DEBUG_INFO = NO;
				MTL_FAST_MATH = YES;
				SDKROOT = macosx;
				SWIFT_COMPILATION_MODE = wholemodule;
				SWIFT_OPTIMIZATION_LEVEL = "-O";
			};
			name = Release;
		};
		D91061BB2755F0B400EA8A03 /* Debug */ = {
			isa = XCBuildConfiguration;
			buildSettings = {
				ASSETCATALOG_COMPILER_APPICON_NAME = AppIcon;
				ASSETCATALOG_COMPILER_GLOBAL_ACCENT_COLOR_NAME = AccentColor;
				CODE_SIGN_ENTITLEMENTS = "CiderKit-Editor/CiderKit.entitlements";
				CODE_SIGN_STYLE = Automatic;
				COMBINE_HIDPI_IMAGES = YES;
				CURRENT_PROJECT_VERSION = 1;
				DEVELOPMENT_TEAM = 5L9YG7YEUA;
				ENABLE_HARDENED_RUNTIME = YES;
				ENABLE_PREVIEWS = YES;
				GENERATE_INFOPLIST_FILE = YES;
				INFOPLIST_KEY_NSHumanReadableCopyright = "";
				LD_RUNPATH_SEARCH_PATHS = (
					"$(inherited)",
					"@executable_path/../Frameworks",
				);
				MARKETING_VERSION = 1.0;
				PRODUCT_BUNDLE_IDENTIFIER = com.xhaleera.CiderKit;
				PRODUCT_NAME = "$(TARGET_NAME)";
				SWIFT_ACTIVE_COMPILATION_CONDITIONS = "DEBUG CIDERKIT_EDITOR";
				SWIFT_EMIT_LOC_STRINGS = YES;
				SWIFT_VERSION = 5.0;
			};
			name = Debug;
		};
		D91061BC2755F0B400EA8A03 /* Release */ = {
			isa = XCBuildConfiguration;
			buildSettings = {
				ASSETCATALOG_COMPILER_APPICON_NAME = AppIcon;
				ASSETCATALOG_COMPILER_GLOBAL_ACCENT_COLOR_NAME = AccentColor;
				CODE_SIGN_ENTITLEMENTS = "CiderKit-Editor/CiderKit.entitlements";
				CODE_SIGN_STYLE = Automatic;
				COMBINE_HIDPI_IMAGES = YES;
				CURRENT_PROJECT_VERSION = 1;
				DEVELOPMENT_TEAM = 5L9YG7YEUA;
				ENABLE_HARDENED_RUNTIME = YES;
				ENABLE_PREVIEWS = YES;
				GENERATE_INFOPLIST_FILE = YES;
				INFOPLIST_KEY_NSHumanReadableCopyright = "";
				LD_RUNPATH_SEARCH_PATHS = (
					"$(inherited)",
					"@executable_path/../Frameworks",
				);
				MARKETING_VERSION = 1.0;
				PRODUCT_BUNDLE_IDENTIFIER = com.xhaleera.CiderKit;
				PRODUCT_NAME = "$(TARGET_NAME)";
				SWIFT_ACTIVE_COMPILATION_CONDITIONS = CIDERKIT_EDITOR;
				SWIFT_EMIT_LOC_STRINGS = YES;
				SWIFT_VERSION = 5.0;
			};
			name = Release;
		};
		D936187327E71ACE009A14E2 /* Debug */ = {
			isa = XCBuildConfiguration;
			buildSettings = {
				ASSETCATALOG_COMPILER_APPICON_NAME = AppIcon;
				ASSETCATALOG_COMPILER_GLOBAL_ACCENT_COLOR_NAME = AccentColor;
				CODE_SIGN_ENTITLEMENTS = TUP/TUP.entitlements;
				CODE_SIGN_STYLE = Automatic;
				COMBINE_HIDPI_IMAGES = YES;
				CURRENT_PROJECT_VERSION = 1;
				DEVELOPMENT_TEAM = 5L9YG7YEUA;
				ENABLE_HARDENED_RUNTIME = YES;
				ENABLE_PREVIEWS = YES;
				GENERATE_INFOPLIST_FILE = YES;
				INFOPLIST_KEY_NSHumanReadableCopyright = "";
				LD_RUNPATH_SEARCH_PATHS = (
					"$(inherited)",
					"@executable_path/../Frameworks",
				);
				MARKETING_VERSION = 1.0;
				PRODUCT_BUNDLE_IDENTIFIER = com.xhaleera.TUP;
				PRODUCT_NAME = "$(TARGET_NAME)";
				SWIFT_ACTIVE_COMPILATION_CONDITIONS = DEBUG;
				SWIFT_EMIT_LOC_STRINGS = YES;
				SWIFT_VERSION = 5.0;
			};
			name = Debug;
		};
		D936187427E71ACE009A14E2 /* Release */ = {
			isa = XCBuildConfiguration;
			buildSettings = {
				ASSETCATALOG_COMPILER_APPICON_NAME = AppIcon;
				ASSETCATALOG_COMPILER_GLOBAL_ACCENT_COLOR_NAME = AccentColor;
				CODE_SIGN_ENTITLEMENTS = TUP/TUP.entitlements;
				CODE_SIGN_STYLE = Automatic;
				COMBINE_HIDPI_IMAGES = YES;
				CURRENT_PROJECT_VERSION = 1;
				DEVELOPMENT_TEAM = 5L9YG7YEUA;
				ENABLE_HARDENED_RUNTIME = YES;
				ENABLE_PREVIEWS = YES;
				GENERATE_INFOPLIST_FILE = YES;
				INFOPLIST_KEY_NSHumanReadableCopyright = "";
				LD_RUNPATH_SEARCH_PATHS = (
					"$(inherited)",
					"@executable_path/../Frameworks",
				);
				MARKETING_VERSION = 1.0;
				PRODUCT_BUNDLE_IDENTIFIER = com.xhaleera.TUP;
				PRODUCT_NAME = "$(TARGET_NAME)";
				SWIFT_ACTIVE_COMPILATION_CONDITIONS = "";
				SWIFT_EMIT_LOC_STRINGS = YES;
				SWIFT_VERSION = 5.0;
			};
			name = Release;
		};
/* End XCBuildConfiguration section */

/* Begin XCConfigurationList section */
		D91061A62755F0B200EA8A03 /* Build configuration list for PBXProject "CiderKit" */ = {
			isa = XCConfigurationList;
			buildConfigurations = (
				D91061B82755F0B400EA8A03 /* Debug */,
				D91061B92755F0B400EA8A03 /* Release */,
			);
			defaultConfigurationIsVisible = 0;
			defaultConfigurationName = Release;
		};
		D91061BA2755F0B400EA8A03 /* Build configuration list for PBXNativeTarget "CiderKit-Editor" */ = {
			isa = XCConfigurationList;
			buildConfigurations = (
				D91061BB2755F0B400EA8A03 /* Debug */,
				D91061BC2755F0B400EA8A03 /* Release */,
			);
			defaultConfigurationIsVisible = 0;
			defaultConfigurationName = Release;
		};
		D936187227E71ACE009A14E2 /* Build configuration list for PBXNativeTarget "TUP" */ = {
			isa = XCConfigurationList;
			buildConfigurations = (
				D936187327E71ACE009A14E2 /* Debug */,
				D936187427E71ACE009A14E2 /* Release */,
			);
			defaultConfigurationIsVisible = 0;
			defaultConfigurationName = Release;
		};
/* End XCConfigurationList section */
	};
	rootObject = D91061A32755F0B200EA8A03 /* Project object */;
}
